
Microsoft Visual Studio Solution File, Format Version 11.00
# Visual Studio 2010 Express for Windows Phone
Project("{FAE04EC0-301F-11D3-BF4B-00C04F79EFBC}") = "SheepsGame", "SheepsGame\SheepsGame\SheepsGame.csproj", "{FD955625-495D-41D9-A102-ECD397D98D78}"
EndProject
Project("{96E2B04D-8817-42C6-938A-82C39BA4D311}") = "SheepsGameContent", "SheepsGame\SheepsGameContent\SheepsGameContent.contentproj", "{803B5A54-748D-4877-B7CD-5E42466F6184}"
EndProject
Global
	GlobalSection(SolutionConfigurationPlatforms) = preSolution
		Debug|Windows Phone = Debug|Windows Phone
		Release|Windows Phone = Release|Windows Phone
	EndGlobalSection
	GlobalSection(ProjectConfigurationPlatforms) = postSolution
		{FD955625-495D-41D9-A102-ECD397D98D78}.Debug|Windows Phone.ActiveCfg = Debug|Windows Phone
		{FD955625-495D-41D9-A102-ECD397D98D78}.Debug|Windows Phone.Build.0 = Debug|Windows Phone
		{FD955625-495D-41D9-A102-ECD397D98D78}.Debug|Windows Phone.Deploy.0 = Debug|Windows Phone
		{FD955625-495D-41D9-A102-ECD397D98D78}.Release|Windows Phone.ActiveCfg = Release|Windows Phone
		{FD955625-495D-41D9-A102-ECD397D98D78}.Release|Windows Phone.Build.0 = Release|Windows Phone
		{FD955625-495D-41D9-A102-ECD397D98D78}.Release|Windows Phone.Deploy.0 = Release|Windows Phone
		{803B5A54-748D-4877-B7CD-5E42466F6184}.Debug|Windows Phone.ActiveCfg = Debug|Windows Phone
		{803B5A54-748D-4877-B7CD-5E42466F6184}.Release|Windows Phone.ActiveCfg = Release|Windows Phone
	EndGlobalSection
	GlobalSection(SolutionProperties) = preSolution
		HideSolutionNode = FALSE
	EndGlobalSection
EndGlobal
