
Microsoft Visual Studio Solution File, Format Version 11.00
# Visual Studio 2010 Express for Windows Phone
Project("{FAE04EC0-301F-11D3-BF4B-00C04F79EFBC}") = "SheepsGame", "SheepsGame\SheepsGame\SheepsGame.csproj", "{FD955625-495D-41D9-A102-ECD397D98D78}"
EndProject
Project("{FAE04EC0-301F-11D3-BF4B-00C04F79EFBC}") = "SheepsGameContent", "SheepsGame\SheepsGameContent\SheepsGameContent.contentproj", "{803B5A54-748D-4877-B7CD-5E42466F6184}"
EndProject
Global
	GlobalSection(SolutionConfigurationPlatforms) = preSolution
		Debug|Mixed Platforms = Debug|Mixed Platforms
		Debug|Windows Phone = Debug|Windows Phone
		Debug|x86 = Debug|x86
		Release|Mixed Platforms = Release|Mixed Platforms
		Release|Windows Phone = Release|Windows Phone
		Release|x86 = Release|x86
	EndGlobalSection
	GlobalSection(ProjectConfigurationPlatforms) = postSolution
		{FD955625-495D-41D9-A102-ECD397D98D78}.Debug|Mixed Platforms.ActiveCfg = Debug|Windows Phone
		{FD955625-495D-41D9-A102-ECD397D98D78}.Debug|Mixed Platforms.Build.0 = Debug|Windows Phone
		{FD955625-495D-41D9-A102-ECD397D98D78}.Debug|Mixed Platforms.Deploy.0 = Debug|Windows Phone
		{FD955625-495D-41D9-A102-ECD397D98D78}.Debug|Windows Phone.ActiveCfg = Debug|Windows Phone
		{FD955625-495D-41D9-A102-ECD397D98D78}.Debug|Windows Phone.Build.0 = Debug|Windows Phone
		{FD955625-495D-41D9-A102-ECD397D98D78}.Debug|Windows Phone.Deploy.0 = Debug|Windows Phone
		{FD955625-495D-41D9-A102-ECD397D98D78}.Debug|x86.ActiveCfg = Debug|Windows Phone
		{FD955625-495D-41D9-A102-ECD397D98D78}.Debug|x86.Build.0 = Debug|Windows Phone
		{FD955625-495D-41D9-A102-ECD397D98D78}.Release|Mixed Platforms.ActiveCfg = Release|Windows Phone
		{FD955625-495D-41D9-A102-ECD397D98D78}.Release|Mixed Platforms.Build.0 = Release|Windows Phone
		{FD955625-495D-41D9-A102-ECD397D98D78}.Release|Mixed Platforms.Deploy.0 = Release|Windows Phone
		{FD955625-495D-41D9-A102-ECD397D98D78}.Release|Windows Phone.ActiveCfg = Release|Windows Phone
		{FD955625-495D-41D9-A102-ECD397D98D78}.Release|Windows Phone.Build.0 = Release|Windows Phone
		{FD955625-495D-41D9-A102-ECD397D98D78}.Release|Windows Phone.Deploy.0 = Release|Windows Phone
		{FD955625-495D-41D9-A102-ECD397D98D78}.Release|x86.ActiveCfg = Release|Windows Phone
		{FD955625-495D-41D9-A102-ECD397D98D78}.Release|x86.Build.0 = Release|Windows Phone
		{803B5A54-748D-4877-B7CD-5E42466F6184}.Debug|Mixed Platforms.ActiveCfg = Debug|Windows Phone
		{803B5A54-748D-4877-B7CD-5E42466F6184}.Debug|Windows Phone.ActiveCfg = Debug|Windows Phone
		{803B5A54-748D-4877-B7CD-5E42466F6184}.Debug|x86.ActiveCfg = Debug|Windows Phone
		{803B5A54-748D-4877-B7CD-5E42466F6184}.Release|Mixed Platforms.ActiveCfg = Release|Windows Phone
		{803B5A54-748D-4877-B7CD-5E42466F6184}.Release|Windows Phone.ActiveCfg = Release|Windows Phone
		{803B5A54-748D-4877-B7CD-5E42466F6184}.Release|x86.ActiveCfg = Release|Windows Phone
	EndGlobalSection
	GlobalSection(SolutionProperties) = preSolution
		HideSolutionNode = FALSE
	EndGlobalSection
EndGlobal
